
Microsoft Visual Studio Solution File, Format Version 12.00
# Visual Studio Version 17
VisualStudioVersion = 17.3.32901.215
MinimumVisualStudioVersion = 10.0.40219.1
Project("{FAE04EC0-301F-11D3-BF4B-00C04F79EFBC}") = "Five out of five", "FiveBanovKsta\Five out of five.csproj", "{7C43E31F-C216-4C42-A11E-1226EA4DF63D}"
EndProject
Global
	GlobalSection(SolutionConfigurationPlatforms) = preSolution
		Debug|Any CPU = Debug|Any CPU
		Release|Any CPU = Release|Any CPU
	EndGlobalSection
	GlobalSection(ProjectConfigurationPlatforms) = postSolution
		{7C43E31F-C216-4C42-A11E-1226EA4DF63D}.Debug|Any CPU.ActiveCfg = Debug|Any CPU
		{7C43E31F-C216-4C42-A11E-1226EA4DF63D}.Debug|Any CPU.Build.0 = Debug|Any CPU
		{7C43E31F-C216-4C42-A11E-1226EA4DF63D}.Release|Any CPU.ActiveCfg = Release|Any CPU
		{7C43E31F-C216-4C42-A11E-1226EA4DF63D}.Release|Any CPU.Build.0 = Release|Any CPU
	EndGlobalSection
	GlobalSection(SolutionProperties) = preSolution
		HideSolutionNode = FALSE
	EndGlobalSection
	GlobalSection(ExtensibilityGlobals) = postSolution
		SolutionGuid = {76B3879C-D652-4D64-AAD4-B8D740F303C1}
	EndGlobalSection
EndGlobal
