
Microsoft Visual Studio Solution File, Format Version 12.00
# Visual Studio Version 17
VisualStudioVersion = 17.3.32901.215
MinimumVisualStudioVersion = 10.0.40219.1
Project("{FAE04EC0-301F-11D3-BF4B-00C04F79EFBC}") = "Gladiators3", "Gladiators3\Gladiators3.csproj", "{E2EE9F17-042D-4375-8760-7E8FB08C55FD}"
EndProject
Global
	GlobalSection(SolutionConfigurationPlatforms) = preSolution
		Debug|Any CPU = Debug|Any CPU
		Release|Any CPU = Release|Any CPU
	EndGlobalSection
	GlobalSection(ProjectConfigurationPlatforms) = postSolution
		{E2EE9F17-042D-4375-8760-7E8FB08C55FD}.Debug|Any CPU.ActiveCfg = Debug|Any CPU
		{E2EE9F17-042D-4375-8760-7E8FB08C55FD}.Debug|Any CPU.Build.0 = Debug|Any CPU
		{E2EE9F17-042D-4375-8760-7E8FB08C55FD}.Release|Any CPU.ActiveCfg = Release|Any CPU
		{E2EE9F17-042D-4375-8760-7E8FB08C55FD}.Release|Any CPU.Build.0 = Release|Any CPU
	EndGlobalSection
	GlobalSection(SolutionProperties) = preSolution
		HideSolutionNode = FALSE
	EndGlobalSection
	GlobalSection(ExtensibilityGlobals) = postSolution
		SolutionGuid = {CF28EF81-31A1-4C25-AB82-91F61DAD58AA}
	EndGlobalSection
EndGlobal
