
Microsoft Visual Studio Solution File, Format Version 12.00
# Visual Studio 15
VisualStudioVersion = 15.0.28307.539
MinimumVisualStudioVersion = 10.0.40219.1
Project("{FAE04EC0-301F-11D3-BF4B-00C04F79EFBC}") = "Gladiators", "Gladiators\Gladiators.csproj", "{C97B9BBF-1A13-47B9-B72A-0C2F4A9760F1}"
EndProject
Global
	GlobalSection(SolutionConfigurationPlatforms) = preSolution
		Debug|Any CPU = Debug|Any CPU
		Release|Any CPU = Release|Any CPU
	EndGlobalSection
	GlobalSection(ProjectConfigurationPlatforms) = postSolution
		{C97B9BBF-1A13-47B9-B72A-0C2F4A9760F1}.Debug|Any CPU.ActiveCfg = Debug|Any CPU
		{C97B9BBF-1A13-47B9-B72A-0C2F4A9760F1}.Debug|Any CPU.Build.0 = Debug|Any CPU
		{C97B9BBF-1A13-47B9-B72A-0C2F4A9760F1}.Release|Any CPU.ActiveCfg = Release|Any CPU
		{C97B9BBF-1A13-47B9-B72A-0C2F4A9760F1}.Release|Any CPU.Build.0 = Release|Any CPU
	EndGlobalSection
	GlobalSection(SolutionProperties) = preSolution
		HideSolutionNode = FALSE
	EndGlobalSection
	GlobalSection(ExtensibilityGlobals) = postSolution
		SolutionGuid = {577B200D-1AA0-4AEE-833C-3F33F8AD8CA0}
	EndGlobalSection
EndGlobal
